
Microsoft Visual Studio Solution File, Format Version 12.00
# Visual Studio 15
VisualStudioVersion = 15.0.28307.438
MinimumVisualStudioVersion = 10.0.40219.1
Project("{9A19103F-16F7-4668-BE54-9A1E7A4F7556}") = "Meassurement", "Meassurement\Meassurement.csproj", "{7A99B3FA-B1D7-4789-A078-916BC73708D1}"
EndProject
Project("{FAE04EC0-301F-11D3-BF4B-00C04F79EFBC}") = "UnitTestProject4", "UnitTestProject4\UnitTestProject4.csproj", "{808EE33E-B85B-448C-944A-D66DA58828A8}"
EndProject
Global
	GlobalSection(SolutionConfigurationPlatforms) = preSolution
		Debug|Any CPU = Debug|Any CPU
		Release|Any CPU = Release|Any CPU
	EndGlobalSection
	GlobalSection(ProjectConfigurationPlatforms) = postSolution
		{7A99B3FA-B1D7-4789-A078-916BC73708D1}.Debug|Any CPU.ActiveCfg = Debug|Any CPU
		{7A99B3FA-B1D7-4789-A078-916BC73708D1}.Debug|Any CPU.Build.0 = Debug|Any CPU
		{7A99B3FA-B1D7-4789-A078-916BC73708D1}.Release|Any CPU.ActiveCfg = Release|Any CPU
		{7A99B3FA-B1D7-4789-A078-916BC73708D1}.Release|Any CPU.Build.0 = Release|Any CPU
		{808EE33E-B85B-448C-944A-D66DA58828A8}.Debug|Any CPU.ActiveCfg = Debug|Any CPU
		{808EE33E-B85B-448C-944A-D66DA58828A8}.Debug|Any CPU.Build.0 = Debug|Any CPU
		{808EE33E-B85B-448C-944A-D66DA58828A8}.Release|Any CPU.ActiveCfg = Release|Any CPU
		{808EE33E-B85B-448C-944A-D66DA58828A8}.Release|Any CPU.Build.0 = Release|Any CPU
	EndGlobalSection
	GlobalSection(SolutionProperties) = preSolution
		HideSolutionNode = FALSE
	EndGlobalSection
	GlobalSection(ExtensibilityGlobals) = postSolution
		SolutionGuid = {FB9027A2-9AA5-48CA-AEC4-571C80F0B724}
	EndGlobalSection
EndGlobal
